
Microsoft Visual Studio Solution File, Format Version 12.00
# Visual Studio 15
Project("{FAE04EC0-301F-11D3-BF4B-00C04F79EFBC}") = "Assembly-CSharp-Editor", "Assembly-CSharp-Editor.csproj", "{91D06C62-C1AF-6C7C-EF97-54706F44836C}"
EndProject
Project("{FAE04EC0-301F-11D3-BF4B-00C04F79EFBC}") = "NuGetForUnity", "NuGetForUnity.csproj", "{7871838A-B546-2063-EEEB-A0D381C28904}"
EndProject
Project("{FAE04EC0-301F-11D3-BF4B-00C04F79EFBC}") = "Assembly-CSharp", "Assembly-CSharp.csproj", "{5449D977-154B-B369-10A2-F06659FFDDA0}"
EndProject
Global
	GlobalSection(SolutionConfigurationPlatforms) = preSolution
		Debug|Any CPU = Debug|Any CPU
		Release|Any CPU = Release|Any CPU
	EndGlobalSection
	GlobalSection(ProjectConfigurationPlatforms) = postSolution
		{91D06C62-C1AF-6C7C-EF97-54706F44836C}.Debug|Any CPU.ActiveCfg = Debug|Any CPU
		{91D06C62-C1AF-6C7C-EF97-54706F44836C}.Debug|Any CPU.Build.0 = Debug|Any CPU
		{91D06C62-C1AF-6C7C-EF97-54706F44836C}.Release|Any CPU.ActiveCfg = Release|Any CPU
		{91D06C62-C1AF-6C7C-EF97-54706F44836C}.Release|Any CPU.Build.0 = Release|Any CPU
		{7871838A-B546-2063-EEEB-A0D381C28904}.Debug|Any CPU.ActiveCfg = Debug|Any CPU
		{7871838A-B546-2063-EEEB-A0D381C28904}.Debug|Any CPU.Build.0 = Debug|Any CPU
		{7871838A-B546-2063-EEEB-A0D381C28904}.Release|Any CPU.ActiveCfg = Release|Any CPU
		{7871838A-B546-2063-EEEB-A0D381C28904}.Release|Any CPU.Build.0 = Release|Any CPU
		{5449D977-154B-B369-10A2-F06659FFDDA0}.Debug|Any CPU.ActiveCfg = Debug|Any CPU
		{5449D977-154B-B369-10A2-F06659FFDDA0}.Debug|Any CPU.Build.0 = Debug|Any CPU
		{5449D977-154B-B369-10A2-F06659FFDDA0}.Release|Any CPU.ActiveCfg = Release|Any CPU
		{5449D977-154B-B369-10A2-F06659FFDDA0}.Release|Any CPU.Build.0 = Release|Any CPU
	EndGlobalSection
	GlobalSection(SolutionProperties) = preSolution
		HideSolutionNode = FALSE
	EndGlobalSection
EndGlobal
